hash: 23c87788351867fc894c79f44b3c7295f220f5c51a9f53cc2d7631f870531b31
updated: 2018-03-01T14:26:22.4402064+03:00
imports:
- name: github.com/codemodus/parth
  version: 1dfb9e71a4c105d5c2062ebf8132a13a440e7f75
- name: github.com/google/logger
  version: 09d434b1e522d216684d09421cd0b0213c96c787
- name: github.com/gorilla/websocket
  version: 91f589db023d66e4aba7112d44cc0d2fb091c553
- name: github.com/mitchellh/mapstructure
  version: 00c29f56e2386353d58c599509e8dc3801b0d716
- name: golang.org/x/sys
  version: 3dbebcf8efb6a5011a60c2b4591c1022a759af8a
  subpackages:
  - windows
  - windows/registry
  - windows/svc/eventlog
testImports:
- name: github.com/davecgh/go-spew
  version: 6d212800a42e8ab5c146b8ace3490ee17e5225f9
  subpackages:
  - spew
- name: github.com/pmezard/go-difflib
  version: d8ed2627bdf02c080bf22230dbb337003b7aba2d
  subpackages:
  - difflib
- name: github.com/stretchr/testify
  version: 69483b4bd14f5845b5a1e55bca19e954e827f1d0
  subpackages:
  - assert
